
Microsoft Visual Studio Solution File, Format Version 12.00
# Visual Studio 15
VisualStudioVersion = 15.0.28307.852
MinimumVisualStudioVersion = 10.0.40219.1
Project("{9092AA53-FB77-4645-B42D-1CCCA6BD08BD}") = "Lab1", "Lab1\Lab1.njsproj", "{342F05CF-BBBE-4F05-BFE1-79C5339CBE27}"
EndProject
Global
	GlobalSection(SolutionConfigurationPlatforms) = preSolution
		Debug|Any CPU = Debug|Any CPU
		Release|Any CPU = Release|Any CPU
	EndGlobalSection
	GlobalSection(ProjectConfigurationPlatforms) = postSolution
		{342F05CF-BBBE-4F05-BFE1-79C5339CBE27}.Debug|Any CPU.ActiveCfg = Debug|Any CPU
		{342F05CF-BBBE-4F05-BFE1-79C5339CBE27}.Debug|Any CPU.Build.0 = Debug|Any CPU
		{342F05CF-BBBE-4F05-BFE1-79C5339CBE27}.Release|Any CPU.ActiveCfg = Release|Any CPU
		{342F05CF-BBBE-4F05-BFE1-79C5339CBE27}.Release|Any CPU.Build.0 = Release|Any CPU
	EndGlobalSection
	GlobalSection(SolutionProperties) = preSolution
		HideSolutionNode = FALSE
	EndGlobalSection
	GlobalSection(ExtensibilityGlobals) = postSolution
		SolutionGuid = {92E0D369-F7B9-4C2F-AFA9-F4EBA8EFC588}
	EndGlobalSection
EndGlobal
